{
  "lockfileVersion": 1,
  "workspaces": {
    "": {
      "name": "occusage",
      "devDependencies": {
        "@antfu/utils": "^9.2.0",
        "@hono/node-server": "^1.18.1",
        "@oxc-project/runtime": "^0.81.0",
        "@praha/byethrow": "^0.6.2",
        "@types/bun": "^1.2.19",
        "ansi-escapes": "^7.0.0",
        "cli-table3": "^0.6.5",
        "consola": "^3.4.2",
        "es-toolkit": "^1.39.8",
        "fast-sort": "^3.4.1",
        "fs-fixture": "^2.8.1",
        "get-stdin": "^9.0.0",
        "gunshi": "^0.26.3",
        "hono": "^4.9.0",
        "nano-spawn": "^1.0.2",
        "path-type": "^6.0.0",
        "picocolors": "^1.1.1",
        "pretty-ms": "^9.2.0",
        "string-width": "^7.2.0",
        "tinyglobby": "^0.2.14",
        "type-fest": "^4.41.0",
        "xdg-basedir": "^5.1.0",
        "zod": "^3.25.67",
      },
    },
  },
  "packages": {
    "@antfu/utils": ["@antfu/utils@9.2.0", "", {}, "sha512-Oq1d9BGZakE/FyoEtcNeSwM7MpDO2vUBi11RWBZXf75zPsbUVWmUs03EqkRFrcgbXyKTas0BdZWC1wcuSoqSAw=="],

    "@colors/colors": ["@colors/colors@1.5.0", "", {}, "sha512-ooWCrlZP11i8GImSjTHYHLkvFDP48nS4+204nGb1RiX/WXYHmJA2III9/e2DWVabCESdW7hBAEzHRqUn9OUVvQ=="],

    "@hono/node-server": ["@hono/node-server@1.18.1", "", { "peerDependencies": { "hono": "^4" } }, "sha512-O3puG/b7owYYmoQ2XPBf3SxBz6Dhk5VmWFhbaBU8/5wcUaXUPS0goxaI2Zfyg+Cu14ILJHEU7IFRw7miFxuXxg=="],

    "@oxc-project/runtime": ["@oxc-project/runtime@0.81.0", "", {}, "sha512-zm/LDVOq9FEmHiuM8zO4DWirv0VP2Tv2VsgaiHby9nvpq+FVrcqNYgv+TysLKOITQXWZj/roluTxFvpkHP0Iuw=="],

    "@praha/byethrow": ["@praha/byethrow@0.6.2", "", { "dependencies": { "@standard-schema/spec": "^1.0.0" } }, "sha512-7s8+2V2droJZ0JH06u1hTJn23JX8IEZwtf5e5uyKg3KZ4DXbcUKabOakT34J6d7NS+CXOqJEtHhHI8eg7al5wA=="],

    "@standard-schema/spec": ["@standard-schema/spec@1.0.0", "", {}, "sha512-m2bOd0f2RT9k8QJx1JN85cZYyH1RqFBdlwtkSlf4tBDYLCiiZnv1fIIwacK6cqwXavOydf0NPToMQgpKq+dVlA=="],

    "@types/bun": ["@types/bun@1.2.20", "", { "dependencies": { "bun-types": "1.2.20" } }, "sha512-dX3RGzQ8+KgmMw7CsW4xT5ITBSCrSbfHc36SNT31EOUg/LA9JWq0VDdEXDRSe1InVWpd2yLUM1FUF/kEOyTzYA=="],

    "@types/node": ["@types/node@24.2.1", "", { "dependencies": { "undici-types": "~7.10.0" } }, "sha512-DRh5K+ka5eJic8CjH7td8QpYEV6Zo10gfRkjHCO3weqZHWDtAaSTFtl4+VMqOJ4N5jcuhZ9/l+yy8rVgw7BQeQ=="],

    "@types/react": ["@types/react@19.1.9", "", { "dependencies": { "csstype": "^3.0.2" } }, "sha512-WmdoynAX8Stew/36uTSVMcLJJ1KRh6L3IZRx1PZ7qJtBqT3dYTgyDTx8H1qoRghErydW7xw9mSJ3wS//tCRpFA=="],

    "ansi-escapes": ["ansi-escapes@7.0.0", "", { "dependencies": { "environment": "^1.0.0" } }, "sha512-GdYO7a61mR0fOlAsvC9/rIHf7L96sBc6dEWzeOu+KAea5bZyQRPIpojrVoI4AXGJS/ycu/fBTdLrUkA4ODrvjw=="],

    "ansi-regex": ["ansi-regex@6.1.0", "", {}, "sha512-7HSX4QQb4CspciLpVFwyRe79O3xsIZDDLER21kERQ71oaPodF8jL725AgJMFAYbooIqolJoRLuM81SpeUkpkvA=="],

    "args-tokens": ["args-tokens@0.20.1", "", {}, "sha512-pQ5R5TsJyx94zsgSCCQ9kzOgUfMmI4bkqNjgSSt2C92mzPCvovoUMMW6HqR+35mHZ0cb1++MD2uAOLm62sGC+Q=="],

    "bun-types": ["bun-types@1.2.20", "", { "dependencies": { "@types/node": "*" }, "peerDependencies": { "@types/react": "^19" } }, "sha512-pxTnQYOrKvdOwyiyd/7sMt9yFOenN004Y6O4lCcCUoKVej48FS5cvTw9geRaEcB9TsDZaJKAxPTVvi8tFsVuXA=="],

    "cli-table3": ["cli-table3@0.6.5", "", { "dependencies": { "string-width": "^4.2.0" }, "optionalDependencies": { "@colors/colors": "1.5.0" } }, "sha512-+W/5efTR7y5HRD7gACw9yQjqMVvEMLBHmboM/kPWam+H+Hmyrgjh6YncVKK122YZkXrLudzTuAukUw9FnMf7IQ=="],

    "consola": ["consola@3.4.2", "", {}, "sha512-5IKcdX0nnYavi6G7TtOhwkYzyjfJlatbjMjuLSfE2kYT5pMDOilZ4OvMhi637CcDICTmz3wARPoyhqyX1Y+XvA=="],

    "csstype": ["csstype@3.1.3", "", {}, "sha512-M1uQkMl8rQK/szD0LNhtqxIPLpimGm8sOBwU7lLnCpSbTyY3yeU1Vc7l4KT5zT4s/yOxHH5O7tIuuLOCnLADRw=="],

    "emoji-regex": ["emoji-regex@10.4.0", "", {}, "sha512-EC+0oUMY1Rqm4O6LLrgjtYDvcVYTy7chDnM4Q7030tP4Kwj3u/pR6gP9ygnp2CJMK5Gq+9Q2oqmrFJAz01DXjw=="],

    "environment": ["environment@1.1.0", "", {}, "sha512-xUtoPkMggbz0MPyPiIWr1Kp4aeWJjDZ6SMvURhimjdZgsRuDplF5/s9hcgGhyXMhs+6vpnuoiZ2kFiu3FMnS8Q=="],

    "es-toolkit": ["es-toolkit@1.39.9", "", {}, "sha512-9OtbkZmTA2Qc9groyA1PUNeb6knVTkvB2RSdr/LcJXDL8IdEakaxwXLHXa7VX/Wj0GmdMJPR3WhnPGhiP3E+qg=="],

    "fast-sort": ["fast-sort@3.4.1", "", {}, "sha512-76uvGPsF6So53sZAqenP9UVT3p5l7cyTHkLWVCMinh41Y8NDrK1IYXJgaBMfc1gk7nJiSRZp676kddFG2Aa5+A=="],

    "fdir": ["fdir@6.4.6", "", { "peerDependencies": { "picomatch": "^3 || ^4" }, "optionalPeers": ["picomatch"] }, "sha512-hiFoqpyZcfNm1yc4u8oWCf9A2c4D3QjCrks3zmoVKVxpQRzmPNar1hUJcBG2RQHvEVGDN+Jm81ZheVLAQMK6+w=="],

    "fs-fixture": ["fs-fixture@2.8.1", "", {}, "sha512-C0xA7XvqZBbbOgitWcMDstfih8GaOPEyXfvNefmV7+1573TCnFQ6hAJEUEzH2LVrscONLh73rvayNfa/m9PMgw=="],

    "get-east-asian-width": ["get-east-asian-width@1.3.0", "", {}, "sha512-vpeMIQKxczTD/0s2CdEWHcb0eeJe6TFjxb+J5xgX7hScxqrGuyjmv4c1D4A/gelKfyox0gJJwIHF+fLjeaM8kQ=="],

    "get-stdin": ["get-stdin@9.0.0", "", {}, "sha512-dVKBjfWisLAicarI2Sf+JuBE/DghV4UzNAVe9yhEJuzeREd3JhOTE9cUaJTeSa77fsbQUK3pcOpJfM59+VKZaA=="],

    "gunshi": ["gunshi@0.26.3", "", { "dependencies": { "args-tokens": "^0.20.1" } }, "sha512-x/CaxovzDA3KMkrjqow7M1dnsO1CxGMNabBaeGTGdVNtjOMN1G/eK7vjKeJ+zHdFIsWHmo47YQ2DQIESUut2+A=="],

    "hono": ["hono@4.9.0", "", {}, "sha512-JAUc4Sqi3lhby2imRL/67LMcJFKiCu7ZKghM7iwvltVZzxEC5bVJCsAa4NTnSfmWGb+N2eOVtFE586R+K3fejA=="],

    "is-fullwidth-code-point": ["is-fullwidth-code-point@3.0.0", "", {}, "sha512-zymm5+u+sCsSWyD9qNaejV3DFvhCKclKdizYaJUuHA83RLjb7nSuGnddCHGv0hk+KY7BMAlsWeK4Ueg6EV6XQg=="],

    "nano-spawn": ["nano-spawn@1.0.2", "", {}, "sha512-21t+ozMQDAL/UGgQVBbZ/xXvNO10++ZPuTmKRO8k9V3AClVRht49ahtDjfY8l1q6nSHOrE5ASfthzH3ol6R/hg=="],

    "parse-ms": ["parse-ms@4.0.0", "", {}, "sha512-TXfryirbmq34y8QBwgqCVLi+8oA3oWx2eAnSn62ITyEhEYaWRlVZ2DvMM9eZbMs/RfxPu/PK/aBLyGj4IrqMHw=="],

    "path-type": ["path-type@6.0.0", "", {}, "sha512-Vj7sf++t5pBD637NSfkxpHSMfWaeig5+DKWLhcqIYx6mWQz5hdJTGDVMQiJcw1ZYkhs7AazKDGpRVji1LJCZUQ=="],

    "picocolors": ["picocolors@1.1.1", "", {}, "sha512-xceH2snhtb5M9liqDsmEw56le376mTZkEX/jEb/RxNFyegNul7eNslCXP9FDj/Lcu0X8KEyMceP2ntpaHrDEVA=="],

    "picomatch": ["picomatch@4.0.3", "", {}, "sha512-5gTmgEY/sqK6gFXLIsQNH19lWb4ebPDLA4SdLP7dsWkIXHWlG66oPuVvXSGFPppYZz8ZDZq0dYYrbHfBCVUb1Q=="],

    "pretty-ms": ["pretty-ms@9.2.0", "", { "dependencies": { "parse-ms": "^4.0.0" } }, "sha512-4yf0QO/sllf/1zbZWYnvWw3NxCQwLXKzIj0G849LSufP15BXKM0rbD2Z3wVnkMfjdn/CB0Dpp444gYAACdsplg=="],

    "string-width": ["string-width@7.2.0", "", { "dependencies": { "emoji-regex": "^10.3.0", "get-east-asian-width": "^1.0.0", "strip-ansi": "^7.1.0" } }, "sha512-tsaTIkKW9b4N+AEj+SVA+WhJzV7/zMhcSu78mLKWSk7cXMOSHsBKFWUs0fWwq8QyK3MgJBQRX6Gbi4kYbdvGkQ=="],

    "strip-ansi": ["strip-ansi@7.1.0", "", { "dependencies": { "ansi-regex": "^6.0.1" } }, "sha512-iq6eVVI64nQQTRYq2KtEg2d2uU7LElhTJwsH4YzIHZshxlgZms/wIc4VoDQTlG/IvVIrBKG06CrZnp0qv7hkcQ=="],

    "tinyglobby": ["tinyglobby@0.2.14", "", { "dependencies": { "fdir": "^6.4.4", "picomatch": "^4.0.2" } }, "sha512-tX5e7OM1HnYr2+a2C/4V0htOcSQcoSTH9KgJnVvNm5zm/cyEWKJ7j7YutsH9CxMdtOkkLFy2AHrMci9IM8IPZQ=="],

    "type-fest": ["type-fest@4.41.0", "", {}, "sha512-TeTSQ6H5YHvpqVwBRcnLDCBnDOHWYu7IvGbHT6N8AOymcr9PJGjc1GTtiWZTYg0NCgYwvnYWEkVChQAr9bjfwA=="],

    "undici-types": ["undici-types@7.10.0", "", {}, "sha512-t5Fy/nfn+14LuOc2KNYg75vZqClpAiqscVvMygNnlsHBFpSXdJaYtXMcdNLpl/Qvc3P2cB3s6lOV51nqsFq4ag=="],

    "xdg-basedir": ["xdg-basedir@5.1.0", "", {}, "sha512-GCPAHLvrIH13+c0SuacwvRYj2SxJXQ4kaVTT5xgL3kPrz56XxkF21IGhjSE1+W0aw7gpBWRGXLCPnPby6lSpmQ=="],

    "zod": ["zod@3.25.76", "", {}, "sha512-gzUt/qt81nXsFGKIFcC3YnfEAx5NkunCfnDlvuBSSFS02bcXu4Lmea0AFIUwbLWxWPx3d9p8S5QoaujKcNQxcQ=="],

    "cli-table3/string-width": ["string-width@4.2.3", "", { "dependencies": { "emoji-regex": "^8.0.0", "is-fullwidth-code-point": "^3.0.0", "strip-ansi": "^6.0.1" } }, "sha512-wKyQRQpjJ0sIp62ErSZdGsjMJWsap5oRNihHhu6G7JVO/9jIB6UyevL+tXuOqrng8j/cxKTWyWUwvSTriiZz/g=="],

    "cli-table3/string-width/emoji-regex": ["emoji-regex@8.0.0", "", {}, "sha512-MSjYzcWNOA0ewAHpz0MxpYFvwg6yjy1NG3xteoqz644VCo/RPgnr1/GGt+ic3iJTzQ8Eu3TdM14SawnVUmGE6A=="],

    "cli-table3/string-width/strip-ansi": ["strip-ansi@6.0.1", "", { "dependencies": { "ansi-regex": "^5.0.1" } }, "sha512-Y38VPSHcqkFrCpFnQ9vuSXmquuv5oXOKpGeT6aGrr3o3Gc9AlVa6JBfUSOCnbxGGZF+/0ooI7KrPuUSztUdU5A=="],

    "cli-table3/string-width/strip-ansi/ansi-regex": ["ansi-regex@5.0.1", "", {}, "sha512-quJQXlTSUGL2LH9SUXo8VwsY4soanhgo6LNSm84E1LBcE8s3O0wpdiRzyR9z/ZZJMlMWv37qOOb9pdJlMUEKFQ=="],
  }
}
